
Microsoft Visual Studio Solution File, Format Version 12.00
# Visual Studio Version 17
VisualStudioVersion = 17.13.35919.96 d17.13
MinimumVisualStudioVersion = 10.0.40219.1
Project("{F184B08F-C81C-45F6-A57F-5ABD9991F28F}") = "Converter", "Converter.vbproj", "{64835EA6-CD28-4847-B44B-C59A162C6614}"
EndProject
Global
	GlobalSection(SolutionConfigurationPlatforms) = preSolution
		Debug|Any CPU = Debug|Any CPU
		Release|Any CPU = Release|Any CPU
	EndGlobalSection
	GlobalSection(ProjectConfigurationPlatforms) = postSolution
		{64835EA6-CD28-4847-B44B-C59A162C6614}.Debug|Any CPU.ActiveCfg = Debug|Any CPU
		{64835EA6-CD28-4847-B44B-C59A162C6614}.Debug|Any CPU.Build.0 = Debug|Any CPU
		{64835EA6-CD28-4847-B44B-C59A162C6614}.Release|Any CPU.ActiveCfg = Release|Any CPU
		{64835EA6-CD28-4847-B44B-C59A162C6614}.Release|Any CPU.Build.0 = Release|Any CPU
	EndGlobalSection
	GlobalSection(SolutionProperties) = preSolution
		HideSolutionNode = FALSE
	EndGlobalSection
	GlobalSection(ExtensibilityGlobals) = postSolution
		SolutionGuid = {F7F818EC-88A5-400F-90BD-56DE155A1DA4}
	EndGlobalSection
EndGlobal
